// !$*UTF8*$!
{
	archiveVersion = 1;
	classes = {
	};
	objectVersion = 42;
	objects = {

/* Begin PBXBuildFile section */
		27077EF50E5DE97700F01FA9 /* MacVendor.m in Sources */ = {isa = PBXBuildFile; fileRef = 27077EF40E5DE97700F01FA9 /* MacVendor.m */; };
		27077EF70E5DEA5900F01FA9 /* macvendors.plist in Resources */ = {isa = PBXBuildFile; fileRef = 27077EF60E5DEA5900F01FA9 /* macvendors.plist */; };
		8D11072A0486CEB800E47090 /* MainMenu.nib in Resources */ = {isa = PBXBuildFile; fileRef = 29B97318FDCFA39411CA2CEA /* MainMenu.nib */; };
		8D11072B0486CEB800E47090 /* InfoPlist.strings in Resources */ = {isa = PBXBuildFile; fileRef = 089C165CFE840E0CC02AAC07 /* InfoPlist.strings */; };
		8D11072D0486CEB800E47090 /* main.m in Sources */ = {isa = PBXBuildFile; fileRef = 29B97316FDCFA39411CA2CEA /* main.m */; settings = {ATTRIBUTES = (); }; };
		8D11072F0486CEB800E47090 /* Cocoa.framework in Frameworks */ = {isa = PBXBuildFile; fileRef = 1058C7A1FEA54F0111CA2CBB /* Cocoa.framework */; };
		9F208C2C06E3128B00F64081 /* ArpController.h in Resources */ = {isa = PBXBuildFile; fileRef = 9F208C2A06E3128B00F64081 /* ArpController.h */; };
		9F208C2D06E3128B00F64081 /* ArpController.m in Sources */ = {isa = PBXBuildFile; fileRef = 9F208C2B06E3128B00F64081 /* ArpController.m */; };
		9F3E2F0106EA64AF00EA94E7 /* NetworkInfo.h in Resources */ = {isa = PBXBuildFile; fileRef = 9F3E2EFF06EA64AE00EA94E7 /* NetworkInfo.h */; };
		9F3E2F0206EA64AF00EA94E7 /* NetworkInfo.m in Sources */ = {isa = PBXBuildFile; fileRef = 9F3E2F0006EA64AF00EA94E7 /* NetworkInfo.m */; };
		9F6B3BFC06E3BBC0006766D0 /* ArpSniffer.h in Resources */ = {isa = PBXBuildFile; fileRef = 9F6B3BFA06E3BBC0006766D0 /* ArpSniffer.h */; };
		9F6B3BFD06E3BBC0006766D0 /* ArpSniffer.m in Sources */ = {isa = PBXBuildFile; fileRef = 9F6B3BFB06E3BBC0006766D0 /* ArpSniffer.m */; };
		9FC0EFF608E7864100ED1585 /* libpcap.A.dylib in Frameworks */ = {isa = PBXBuildFile; fileRef = 9FC0EFF508E7864100ED1585 /* libpcap.A.dylib */; };
		9FFC2B1F06E6B98700494141 /* Network.icns in Resources */ = {isa = PBXBuildFile; fileRef = 9FFC2B1E06E6B98700494141 /* Network.icns */; };
/* End PBXBuildFile section */

/* Begin PBXFileReference section */
		089C165DFE840E0CC02AAC07 /* English */ = {isa = PBXFileReference; fileEncoding = 10; lastKnownFileType = text.plist.strings; name = English; path = English.lproj/InfoPlist.strings; sourceTree = "<group>"; };
		1058C7A1FEA54F0111CA2CBB /* Cocoa.framework */ = {isa = PBXFileReference; lastKnownFileType = wrapper.framework; name = Cocoa.framework; path = /System/Library/Frameworks/Cocoa.framework; sourceTree = "<absolute>"; };
		27077EF30E5DE97700F01FA9 /* MacVendor.h */ = {isa = PBXFileReference; fileEncoding = 4; lastKnownFileType = sourcecode.c.h; path = MacVendor.h; sourceTree = "<group>"; };
		27077EF40E5DE97700F01FA9 /* MacVendor.m */ = {isa = PBXFileReference; fileEncoding = 4; lastKnownFileType = sourcecode.c.objc; path = MacVendor.m; sourceTree = "<group>"; };
		27077EF60E5DEA5900F01FA9 /* macvendors.plist */ = {isa = PBXFileReference; fileEncoding = 4; lastKnownFileType = text.plist.xml; path = macvendors.plist; sourceTree = "<group>"; };
		29B97316FDCFA39411CA2CEA /* main.m */ = {isa = PBXFileReference; fileEncoding = 4; lastKnownFileType = sourcecode.c.objc; path = main.m; sourceTree = "<group>"; };
		29B97319FDCFA39411CA2CEA /* English */ = {isa = PBXFileReference; lastKnownFileType = wrapper.nib; name = English; path = English.lproj/MainMenu.nib; sourceTree = "<group>"; };
		29B97324FDCFA39411CA2CEA /* AppKit.framework */ = {isa = PBXFileReference; lastKnownFileType = wrapper.framework; name = AppKit.framework; path = /System/Library/Frameworks/AppKit.framework; sourceTree = "<absolute>"; };
		29B97325FDCFA39411CA2CEA /* Foundation.framework */ = {isa = PBXFileReference; lastKnownFileType = wrapper.framework; name = Foundation.framework; path = /System/Library/Frameworks/Foundation.framework; sourceTree = "<absolute>"; };
		32CA4F630368D1EE00C91783 /* ArpSpyX_Prefix.pch */ = {isa = PBXFileReference; fileEncoding = 4; lastKnownFileType = sourcecode.c.h; path = ArpSpyX_Prefix.pch; sourceTree = "<group>"; };
		8D1107310486CEB800E47090 /* Info.plist */ = {isa = PBXFileReference; fileEncoding = 4; lastKnownFileType = text.plist; path = Info.plist; sourceTree = "<group>"; };
		8D1107320486CEB800E47090 /* ArpSpyX.app */ = {isa = PBXFileReference; explicitFileType = wrapper.application; includeInIndex = 0; path = ArpSpyX.app; sourceTree = BUILT_PRODUCTS_DIR; };
		9F208C2A06E3128B00F64081 /* ArpController.h */ = {isa = PBXFileReference; fileEncoding = 30; lastKnownFileType = sourcecode.c.h; path = ArpController.h; sourceTree = "<group>"; };
		9F208C2B06E3128B00F64081 /* ArpController.m */ = {isa = PBXFileReference; fileEncoding = 30; lastKnownFileType = sourcecode.c.objc; path = ArpController.m; sourceTree = "<group>"; };
		9F3E2EFF06EA64AE00EA94E7 /* NetworkInfo.h */ = {isa = PBXFileReference; fileEncoding = 30; lastKnownFileType = sourcecode.c.h; path = NetworkInfo.h; sourceTree = "<group>"; };
		9F3E2F0006EA64AF00EA94E7 /* NetworkInfo.m */ = {isa = PBXFileReference; fileEncoding = 30; lastKnownFileType = sourcecode.c.objc; path = NetworkInfo.m; sourceTree = "<group>"; };
		9F6B3BFA06E3BBC0006766D0 /* ArpSniffer.h */ = {isa = PBXFileReference; fileEncoding = 30; lastKnownFileType = sourcecode.c.h; path = ArpSniffer.h; sourceTree = "<group>"; };
		9F6B3BFB06E3BBC0006766D0 /* ArpSniffer.m */ = {isa = PBXFileReference; fileEncoding = 30; lastKnownFileType = sourcecode.c.objc; path = ArpSniffer.m; sourceTree = "<group>"; };
		9FC0EFF508E7864100ED1585 /* libpcap.A.dylib */ = {isa = PBXFileReference; lastKnownFileType = "compiled.mach-o.dylib"; name = libpcap.A.dylib; path = /usr/lib/libpcap.A.dylib; sourceTree = "<absolute>"; };
		9FFC2B1E06E6B98700494141 /* Network.icns */ = {isa = PBXFileReference; lastKnownFileType = image.icns; path = Network.icns; sourceTree = "<group>"; };
/* End PBXFileReference section */

/* Begin PBXFrameworksBuildPhase section */
		8D11072E0486CEB800E47090 /* Frameworks */ = {
			isa = PBXFrameworksBuildPhase;
			buildActionMask = 2147483647;
			files = (
				8D11072F0486CEB800E47090 /* Cocoa.framework in Frameworks */,
				9FC0EFF608E7864100ED1585 /* libpcap.A.dylib in Frameworks */,
			);
			runOnlyForDeploymentPostprocessing = 0;
		};
/* End PBXFrameworksBuildPhase section */

/* Begin PBXGroup section */
		080E96DDFE201D6D7F000001 /* Classes */ = {
			isa = PBXGroup;
			children = (
				9F6B3BFA06E3BBC0006766D0 /* ArpSniffer.h */,
				9F6B3BFB06E3BBC0006766D0 /* ArpSniffer.m */,
				9F208C2A06E3128B00F64081 /* ArpController.h */,
				9F208C2B06E3128B00F64081 /* ArpController.m */,
				9F3E2EFF06EA64AE00EA94E7 /* NetworkInfo.h */,
				9F3E2F0006EA64AF00EA94E7 /* NetworkInfo.m */,
				27077EF30E5DE97700F01FA9 /* MacVendor.h */,
				27077EF40E5DE97700F01FA9 /* MacVendor.m */,
			);
			name = Classes;
			sourceTree = "<group>";
		};
		1058C7A0FEA54F0111CA2CBB /* Linked Frameworks */ = {
			isa = PBXGroup;
			children = (
				1058C7A1FEA54F0111CA2CBB /* Cocoa.framework */,
			);
			name = "Linked Frameworks";
			sourceTree = "<group>";
		};
		1058C7A2FEA54F0111CA2CBB /* Other Frameworks */ = {
			isa = PBXGroup;
			children = (
				29B97325FDCFA39411CA2CEA /* Foundation.framework */,
				29B97324FDCFA39411CA2CEA /* AppKit.framework */,
			);
			name = "Other Frameworks";
			sourceTree = "<group>";
		};
		19C28FACFE9D520D11CA2CBB /* Products */ = {
			isa = PBXGroup;
			children = (
				8D1107320486CEB800E47090 /* ArpSpyX.app */,
			);
			name = Products;
			sourceTree = "<group>";
		};
		29B97314FDCFA39411CA2CEA /* ArpSpyX */ = {
			isa = PBXGroup;
			children = (
				080E96DDFE201D6D7F000001 /* Classes */,
				29B97315FDCFA39411CA2CEA /* Other Sources */,
				29B97317FDCFA39411CA2CEA /* Resources */,
				29B97323FDCFA39411CA2CEA /* Frameworks */,
				19C28FACFE9D520D11CA2CBB /* Products */,
			);
			name = ArpSpyX;
			sourceTree = "<group>";
		};
		29B97315FDCFA39411CA2CEA /* Other Sources */ = {
			isa = PBXGroup;
			children = (
				32CA4F630368D1EE00C91783 /* ArpSpyX_Prefix.pch */,
				29B97316FDCFA39411CA2CEA /* main.m */,
			);
			name = "Other Sources";
			sourceTree = "<group>";
		};
		29B97317FDCFA39411CA2CEA /* Resources */ = {
			isa = PBXGroup;
			children = (
				27077EF60E5DEA5900F01FA9 /* macvendors.plist */,
				9FFC2B1E06E6B98700494141 /* Network.icns */,
				8D1107310486CEB800E47090 /* Info.plist */,
				089C165CFE840E0CC02AAC07 /* InfoPlist.strings */,
				29B97318FDCFA39411CA2CEA /* MainMenu.nib */,
			);
			name = Resources;
			sourceTree = "<group>";
		};
		29B97323FDCFA39411CA2CEA /* Frameworks */ = {
			isa = PBXGroup;
			children = (
				9FC0EFF508E7864100ED1585 /* libpcap.A.dylib */,
				1058C7A0FEA54F0111CA2CBB /* Linked Frameworks */,
				1058C7A2FEA54F0111CA2CBB /* Other Frameworks */,
			);
			name = Frameworks;
			sourceTree = "<group>";
		};
/* End PBXGroup section */

/* Begin PBXNativeTarget section */
		8D1107260486CEB800E47090 /* ArpSpyX */ = {
			isa = PBXNativeTarget;
			buildConfigurationList = 9FC0EFE908E785E700ED1585 /* Build configuration list for PBXNativeTarget "ArpSpyX" */;
			buildPhases = (
				8D1107290486CEB800E47090 /* Resources */,
				8D11072C0486CEB800E47090 /* Sources */,
				8D11072E0486CEB800E47090 /* Frameworks */,
			);
			buildRules = (
			);
			dependencies = (
			);
			name = ArpSpyX;
			productInstallPath = "$(HOME)/Applications";
			productName = ArpSpyX;
			productReference = 8D1107320486CEB800E47090 /* ArpSpyX.app */;
			productType = "com.apple.product-type.application";
		};
/* End PBXNativeTarget section */

/* Begin PBXProject section */
		29B97313FDCFA39411CA2CEA /* Project object */ = {
			isa = PBXProject;
			buildConfigurationList = 9FC0EFED08E785E700ED1585 /* Build configuration list for PBXProject "ArpSpyX" */;
			compatibilityVersion = "Xcode 2.4";
			hasScannedForEncodings = 1;
			mainGroup = 29B97314FDCFA39411CA2CEA /* ArpSpyX */;
			projectDirPath = "";
			projectRoot = "";
			targets = (
				8D1107260486CEB800E47090 /* ArpSpyX */,
			);
		};
/* End PBXProject section */

/* Begin PBXResourcesBuildPhase section */
		8D1107290486CEB800E47090 /* Resources */ = {
			isa = PBXResourcesBuildPhase;
			buildActionMask = 2147483647;
			files = (
				8D11072A0486CEB800E47090 /* MainMenu.nib in Resources */,
				8D11072B0486CEB800E47090 /* InfoPlist.strings in Resources */,
				9F208C2C06E3128B00F64081 /* ArpController.h in Resources */,
				9F6B3BFC06E3BBC0006766D0 /* ArpSniffer.h in Resources */,
				9FFC2B1F06E6B98700494141 /* Network.icns in Resources */,
				9F3E2F0106EA64AF00EA94E7 /* NetworkInfo.h in Resources */,
				27077EF70E5DEA5900F01FA9 /* macvendors.plist in Resources */,
			);
			runOnlyForDeploymentPostprocessing = 0;
		};
/* End PBXResourcesBuildPhase section */

/* Begin PBXSourcesBuildPhase section */
		8D11072C0486CEB800E47090 /* Sources */ = {
			isa = PBXSourcesBuildPhase;
			buildActionMask = 2147483647;
			files = (
				8D11072D0486CEB800E47090 /* main.m in Sources */,
				9F208C2D06E3128B00F64081 /* ArpController.m in Sources */,
				9F6B3BFD06E3BBC0006766D0 /* ArpSniffer.m in Sources */,
				9F3E2F0206EA64AF00EA94E7 /* NetworkInfo.m in Sources */,
				27077EF50E5DE97700F01FA9 /* MacVendor.m in Sources */,
			);
			runOnlyForDeploymentPostprocessing = 0;
		};
/* End PBXSourcesBuildPhase section */

/* Begin PBXVariantGroup section */
		089C165CFE840E0CC02AAC07 /* InfoPlist.strings */ = {
			isa = PBXVariantGroup;
			children = (
				089C165DFE840E0CC02AAC07 /* English */,
			);
			name = InfoPlist.strings;
			sourceTree = "<group>";
		};
		29B97318FDCFA39411CA2CEA /* MainMenu.nib */ = {
			isa = PBXVariantGroup;
			children = (
				29B97319FDCFA39411CA2CEA /* English */,
			);
			name = MainMenu.nib;
			sourceTree = "<group>";
		};
/* End PBXVariantGroup section */

/* Begin XCBuildConfiguration section */
		9FC0EFEA08E785E700ED1585 /* Development */ = {
			isa = XCBuildConfiguration;
			buildSettings = {
				COPY_PHASE_STRIP = NO;
				GCC_DYNAMIC_NO_PIC = NO;
				GCC_ENABLE_FIX_AND_CONTINUE = YES;
				GCC_ENABLE_OBJC_EXCEPTIONS = YES;
				GCC_GENERATE_DEBUGGING_SYMBOLS = YES;
				GCC_OPTIMIZATION_LEVEL = 0;
				GCC_PRECOMPILE_PREFIX_HEADER = YES;
				GCC_PREFIX_HEADER = ArpSpyX_Prefix.pch;
				INFOPLIST_FILE = Info.plist;
				INSTALL_PATH = "$(HOME)/Applications";
				OTHER_CFLAGS = "";
				PRODUCT_NAME = ArpSpyX;
				WARNING_CFLAGS = "-Wall";
				WRAPPER_EXTENSION = app;
				ZERO_LINK = YES;
			};
			name = Development;
		};
		9FC0EFEB08E785E700ED1585 /* Deployment */ = {
			isa = XCBuildConfiguration;
			buildSettings = {
				COPY_PHASE_STRIP = YES;
				GCC_ENABLE_FIX_AND_CONTINUE = NO;
				GCC_ENABLE_OBJC_EXCEPTIONS = YES;
				GCC_GENERATE_DEBUGGING_SYMBOLS = NO;
				GCC_PRECOMPILE_PREFIX_HEADER = YES;
				GCC_PREFIX_HEADER = ArpSpyX_Prefix.pch;
				INFOPLIST_FILE = Info.plist;
				INSTALL_PATH = "$(HOME)/Applications";
				PRODUCT_NAME = ArpSpyX;
				WARNING_CFLAGS = "-Wall";
				WRAPPER_EXTENSION = app;
				ZERO_LINK = NO;
			};
			name = Deployment;
		};
		9FC0EFEC08E785E700ED1585 /* Default */ = {
			isa = XCBuildConfiguration;
			buildSettings = {
				GCC_GENERATE_DEBUGGING_SYMBOLS = NO;
				GCC_PRECOMPILE_PREFIX_HEADER = YES;
				GCC_PREFIX_HEADER = ArpSpyX_Prefix.pch;
				INFOPLIST_FILE = Info.plist;
				INSTALL_PATH = "$(HOME)/Applications";
				PRODUCT_NAME = ArpSpyX;
				WRAPPER_EXTENSION = app;
			};
			name = Default;
		};
		9FC0EFEE08E785E700ED1585 /* Development */ = {
			isa = XCBuildConfiguration;
			buildSettings = {
				ARCHS = (
					ppc,
					i386,
				);
				GCC_ENABLE_OBJC_GC = YES;
			};
			name = Development;
		};
		9FC0EFEF08E785E700ED1585 /* Deployment */ = {
			isa = XCBuildConfiguration;
			buildSettings = {
				ARCHS = (
					ppc,
					i386,
				);
			};
			name = Deployment;
		};
		9FC0EFF008E785E700ED1585 /* Default */ = {
			isa = XCBuildConfiguration;
			buildSettings = {
				ARCHS = (
					ppc,
					i386,
				);
			};
			name = Default;
		};
/* End XCBuildConfiguration section */

/* Begin XCConfigurationList section */
		9FC0EFE908E785E700ED1585 /* Build configuration list for PBXNativeTarget "ArpSpyX" */ = {
			isa = XCConfigurationList;
			buildConfigurations = (
				9FC0EFEA08E785E700ED1585 /* Development */,
				9FC0EFEB08E785E700ED1585 /* Deployment */,
				9FC0EFEC08E785E700ED1585 /* Default */,
			);
			defaultConfigurationIsVisible = 0;
			defaultConfigurationName = Default;
		};
		9FC0EFED08E785E700ED1585 /* Build configuration list for PBXProject "ArpSpyX" */ = {
			isa = XCConfigurationList;
			buildConfigurations = (
				9FC0EFEE08E785E700ED1585 /* Development */,
				9FC0EFEF08E785E700ED1585 /* Deployment */,
				9FC0EFF008E785E700ED1585 /* Default */,
			);
			defaultConfigurationIsVisible = 0;
			defaultConfigurationName = Default;
		};
/* End XCConfigurationList section */
	};
	rootObject = 29B97313FDCFA39411CA2CEA /* Project object */;
}
